
Microsoft Visual Studio Solution File, Format Version 12.00
# Visual Studio Version 16
VisualStudioVersion = 16.0.31911.196
MinimumVisualStudioVersion = 10.0.40219.1
Project("{9A19103F-16F7-4668-BE54-9A1E7A4F7556}") = "Commons.Middlewares.RequestHandlers.Exceptions", "Commons.Middlewares.RequestHandlers.Exceptions.csproj", "{2113FA06-3A42-45C7-9649-A6A85362BDE3}"
EndProject
Project("{FAE04EC0-301F-11D3-BF4B-00C04F79EFBC}") = "Commons.Middlewares.RequestHandlers.Exceptions.Tests", "..\Commons.Middlewares.RequestHandlers.Exceptions.Tests\Commons.Middlewares.RequestHandlers.Exceptions.Tests.csproj", "{BDB46ECC-355C-4767-901B-C591FC175F40}"
EndProject
Global
	GlobalSection(SolutionConfigurationPlatforms) = preSolution
		Debug|Any CPU = Debug|Any CPU
		Release|Any CPU = Release|Any CPU
	EndGlobalSection
	GlobalSection(ProjectConfigurationPlatforms) = postSolution
		{2113FA06-3A42-45C7-9649-A6A85362BDE3}.Debug|Any CPU.ActiveCfg = Debug|Any CPU
		{2113FA06-3A42-45C7-9649-A6A85362BDE3}.Debug|Any CPU.Build.0 = Debug|Any CPU
		{2113FA06-3A42-45C7-9649-A6A85362BDE3}.Release|Any CPU.ActiveCfg = Release|Any CPU
		{2113FA06-3A42-45C7-9649-A6A85362BDE3}.Release|Any CPU.Build.0 = Release|Any CPU
		{BDB46ECC-355C-4767-901B-C591FC175F40}.Debug|Any CPU.ActiveCfg = Debug|Any CPU
		{BDB46ECC-355C-4767-901B-C591FC175F40}.Debug|Any CPU.Build.0 = Debug|Any CPU
		{BDB46ECC-355C-4767-901B-C591FC175F40}.Release|Any CPU.ActiveCfg = Release|Any CPU
		{BDB46ECC-355C-4767-901B-C591FC175F40}.Release|Any CPU.Build.0 = Release|Any CPU
	EndGlobalSection
	GlobalSection(SolutionProperties) = preSolution
		HideSolutionNode = FALSE
	EndGlobalSection
	GlobalSection(ExtensibilityGlobals) = postSolution
		SolutionGuid = {7458129A-9938-48DF-B63C-193214B34434}
	EndGlobalSection
EndGlobal
